{
	"name": "@train-cli-dev/core",
	"version": "1.0.2",
	"lockfileVersion": 2,
	"requires": true,
	"packages": {
		"": {
			"name": "@train-cli-dev/core",
			"version": "1.0.0",
			"license": "ISC",
			"dependencies": {
				"train-cli": "^1.0.1"
			}
		},
		"node_modules/train-cli": {
			"version": "1.0.1",
			"resolved": "https://registry.npmjs.org/train-cli/-/train-cli-1.0.1.tgz",
			"integrity": "sha512-BH8bo8exHs4qziPw3WsgqLVlgg7jS2+BBsF2dBFiNddsP0ZLSqtUuhc4PqAx0IxhVnabsTXAgCm6lVPpWjBrOw==",
			"bin": {
				"train": "bin/index.js"
			}
		}
	},
	"dependencies": {
		"train-cli": {
			"version": "1.0.1",
			"resolved": "https://registry.npmjs.org/train-cli/-/train-cli-1.0.1.tgz",
			"integrity": "sha512-BH8bo8exHs4qziPw3WsgqLVlgg7jS2+BBsF2dBFiNddsP0ZLSqtUuhc4PqAx0IxhVnabsTXAgCm6lVPpWjBrOw=="
		}
	}
}
